// !$*UTF8*$!
{
	archiveVersion = 1;
	classes = {
	};
	objectVersion = 77;
	objects = {

/* Begin PBXBuildFile section */
		2C1DA7DA2E321DC00042CA58 /* PlayTest in Frameworks */ = {isa = PBXBuildFile; productRef = 2C1DA7D92E321DC00042CA58 /* PlayTest */; };
		2C3AB6FE2E2E3835000B21DF /* PlayTest in Frameworks */ = {isa = PBXBuildFile; productRef = 2C3AB6FD2E2E3835000B21DF /* PlayTest */; };
		5CFA78002E2A53F000808F5A /* .gitignore in Resources */ = {isa = PBXBuildFile; fileRef = 5CFA77FF2E2A53EA00808F5A /* .gitignore */; };
		5CFA783C2E2D03E900808F5A /* PlayTest in Frameworks */ = {isa = PBXBuildFile; productRef = 5CFA783B2E2D03E900808F5A /* PlayTest */; };
		5CFA787E2E2D0F5C00808F5A /* PlayTest in Frameworks */ = {isa = PBXBuildFile; productRef = 5CFA787D2E2D0F5C00808F5A /* PlayTest */; };
		6DDDC0522E323B5B00020553 /* PlayTest in Frameworks */ = {isa = PBXBuildFile; productRef = 6DDDC0512E323B5B00020553 /* PlayTest */; };
		6DDDC0E52E3384A900020553 /* PlayTest in Frameworks */ = {isa = PBXBuildFile; productRef = 6DDDC0E42E3384A900020553 /* PlayTest */; };
/* End PBXBuildFile section */

/* Begin PBXContainerItemProxy section */
		5CFA77C92E2A44F200808F5A /* PBXContainerItemProxy */ = {
			isa = PBXContainerItemProxy;
			containerPortal = 5CFA77B32E2A44F100808F5A /* Project object */;
			proxyType = 1;
			remoteGlobalIDString = 5CFA77BA2E2A44F100808F5A;
			remoteInfo = ChocoRacing;
		};
		5CFA77D32E2A44F200808F5A /* PBXContainerItemProxy */ = {
			isa = PBXContainerItemProxy;
			containerPortal = 5CFA77B32E2A44F100808F5A /* Project object */;
			proxyType = 1;
			remoteGlobalIDString = 5CFA77BA2E2A44F100808F5A;
			remoteInfo = ChocoRacing;
		};
/* End PBXContainerItemProxy section */

/* Begin PBXFileReference section */
		5CFA77BB2E2A44F100808F5A /* ChocoRacing.app */ = {isa = PBXFileReference; explicitFileType = wrapper.application; includeInIndex = 0; path = ChocoRacing.app; sourceTree = BUILT_PRODUCTS_DIR; };
		5CFA77C82E2A44F200808F5A /* ChocoRacingTests.xctest */ = {isa = PBXFileReference; explicitFileType = wrapper.cfbundle; includeInIndex = 0; path = ChocoRacingTests.xctest; sourceTree = BUILT_PRODUCTS_DIR; };
		5CFA77D22E2A44F200808F5A /* ChocoRacingUITests.xctest */ = {isa = PBXFileReference; explicitFileType = wrapper.cfbundle; includeInIndex = 0; path = ChocoRacingUITests.xctest; sourceTree = BUILT_PRODUCTS_DIR; };
		5CFA77FF2E2A53EA00808F5A /* .gitignore */ = {isa = PBXFileReference; lastKnownFileType = text; path = .gitignore; sourceTree = "<group>"; };
/* End PBXFileReference section */

/* Begin PBXFileSystemSynchronizedRootGroup section */
		5CFA77BD2E2A44F100808F5A /* ChocoRacing */ = {
			isa = PBXFileSystemSynchronizedRootGroup;
			path = ChocoRacing;
			sourceTree = "<group>";
		};
/* End PBXFileSystemSynchronizedRootGroup section */

/* Begin PBXFrameworksBuildPhase section */
		5CFA77B82E2A44F100808F5A /* Frameworks */ = {
			isa = PBXFrameworksBuildPhase;
			buildActionMask = 2147483647;
			files = (
				5CFA787E2E2D0F5C00808F5A /* PlayTest in Frameworks */,
				5CFA783C2E2D03E900808F5A /* PlayTest in Frameworks */,
				6DDDC0E52E3384A900020553 /* PlayTest in Frameworks */,
				2C1DA7DA2E321DC00042CA58 /* PlayTest in Frameworks */,
				6DDDC0522E323B5B00020553 /* PlayTest in Frameworks */,
				2C3AB6FE2E2E3835000B21DF /* PlayTest in Frameworks */,
			);
			runOnlyForDeploymentPostprocessing = 0;
		};
		5CFA77C52E2A44F200808F5A /* Frameworks */ = {
			isa = PBXFrameworksBuildPhase;
			buildActionMask = 2147483647;
			files = (
			);
			runOnlyForDeploymentPostprocessing = 0;
		};
		5CFA77CF2E2A44F200808F5A /* Frameworks */ = {
			isa = PBXFrameworksBuildPhase;
			buildActionMask = 2147483647;
			files = (
			);
			runOnlyForDeploymentPostprocessing = 0;
		};
/* End PBXFrameworksBuildPhase section */

/* Begin PBXGroup section */
		5CFA77B22E2A44F100808F5A = {
			isa = PBXGroup;
			children = (
				5CFA77FF2E2A53EA00808F5A /* .gitignore */,
				5CFA77BD2E2A44F100808F5A /* ChocoRacing */,
				5CFA77BC2E2A44F100808F5A /* Products */,
			);
			sourceTree = "<group>";
		};
		5CFA77BC2E2A44F100808F5A /* Products */ = {
			isa = PBXGroup;
			children = (
				5CFA77BB2E2A44F100808F5A /* ChocoRacing.app */,
				5CFA77C82E2A44F200808F5A /* ChocoRacingTests.xctest */,
				5CFA77D22E2A44F200808F5A /* ChocoRacingUITests.xctest */,
			);
			name = Products;
			sourceTree = "<group>";
		};
/* End PBXGroup section */

/* Begin PBXNativeTarget section */
		5CFA77BA2E2A44F100808F5A /* ChocoRacing */ = {
			isa = PBXNativeTarget;
			buildConfigurationList = 5CFA77DC2E2A44F200808F5A /* Build configuration list for PBXNativeTarget "ChocoRacing" */;
			buildPhases = (
				5CFA77B72E2A44F100808F5A /* Sources */,
				5CFA77B82E2A44F100808F5A /* Frameworks */,
				5CFA77B92E2A44F100808F5A /* Resources */,
			);
			buildRules = (
			);
			dependencies = (
			);
			fileSystemSynchronizedGroups = (
				5CFA77BD2E2A44F100808F5A /* ChocoRacing */,
			);
			name = ChocoRacing;
			packageProductDependencies = (
				5CFA783B2E2D03E900808F5A /* PlayTest */,
				5CFA787D2E2D0F5C00808F5A /* PlayTest */,
				2C3AB6FD2E2E3835000B21DF /* PlayTest */,
				2C1DA7D92E321DC00042CA58 /* PlayTest */,
				6DDDC0512E323B5B00020553 /* PlayTest */,
				6DDDC0E42E3384A900020553 /* PlayTest */,
			);
			productName = ChocoRacing;
			productReference = 5CFA77BB2E2A44F100808F5A /* ChocoRacing.app */;
			productType = "com.apple.product-type.application";
		};
		5CFA77C72E2A44F200808F5A /* ChocoRacingTests */ = {
			isa = PBXNativeTarget;
			buildConfigurationList = 5CFA77DF2E2A44F200808F5A /* Build configuration list for PBXNativeTarget "ChocoRacingTests" */;
			buildPhases = (
				5CFA77C42E2A44F200808F5A /* Sources */,
				5CFA77C52E2A44F200808F5A /* Frameworks */,
				5CFA77C62E2A44F200808F5A /* Resources */,
			);
			buildRules = (
			);
			dependencies = (
				5CFA77CA2E2A44F200808F5A /* PBXTargetDependency */,
			);
			name = ChocoRacingTests;
			packageProductDependencies = (
			);
			productName = ChocoRacingTests;
			productReference = 5CFA77C82E2A44F200808F5A /* ChocoRacingTests.xctest */;
			productType = "com.apple.product-type.bundle.unit-test";
		};
		5CFA77D12E2A44F200808F5A /* ChocoRacingUITests */ = {
			isa = PBXNativeTarget;
			buildConfigurationList = 5CFA77E22E2A44F200808F5A /* Build configuration list for PBXNativeTarget "ChocoRacingUITests" */;
			buildPhases = (
				5CFA77CE2E2A44F200808F5A /* Sources */,
				5CFA77CF2E2A44F200808F5A /* Frameworks */,
				5CFA77D02E2A44F200808F5A /* Resources */,
			);
			buildRules = (
			);
			dependencies = (
				5CFA77D42E2A44F200808F5A /* PBXTargetDependency */,
			);
			name = ChocoRacingUITests;
			packageProductDependencies = (
			);
			productName = ChocoRacingUITests;
			productReference = 5CFA77D22E2A44F200808F5A /* ChocoRacingUITests.xctest */;
			productType = "com.apple.product-type.bundle.ui-testing";
		};
/* End PBXNativeTarget section */

/* Begin PBXProject section */
		5CFA77B32E2A44F100808F5A /* Project object */ = {
			isa = PBXProject;
			attributes = {
				BuildIndependentTargetsInParallel = 1;
				LastSwiftUpdateCheck = 1630;
				LastUpgradeCheck = 1630;
				TargetAttributes = {
					5CFA77BA2E2A44F100808F5A = {
						CreatedOnToolsVersion = 16.3;
					};
					5CFA77C72E2A44F200808F5A = {
						CreatedOnToolsVersion = 16.3;
						TestTargetID = 5CFA77BA2E2A44F100808F5A;
					};
					5CFA77D12E2A44F200808F5A = {
						CreatedOnToolsVersion = 16.3;
						TestTargetID = 5CFA77BA2E2A44F100808F5A;
					};
				};
			};
			buildConfigurationList = 5CFA77B62E2A44F100808F5A /* Build configuration list for PBXProject "ChocoRacing" */;
			developmentRegion = en;
			hasScannedForEncodings = 0;
			knownRegions = (
				en,
				Base,
			);
			mainGroup = 5CFA77B22E2A44F100808F5A;
			minimizedProjectReferenceProxies = 1;
			packageReferences = (
				6DDDC0E32E3384A900020553 /* XCLocalSwiftPackageReference "Package" */,
			);
			preferredProjectObjectVersion = 77;
			productRefGroup = 5CFA77BC2E2A44F100808F5A /* Products */;
			projectDirPath = "";
			projectRoot = "";
			targets = (
				5CFA77BA2E2A44F100808F5A /* ChocoRacing */,
				5CFA77C72E2A44F200808F5A /* ChocoRacingTests */,
				5CFA77D12E2A44F200808F5A /* ChocoRacingUITests */,
			);
		};
/* End PBXProject section */

/* Begin PBXResourcesBuildPhase section */
		5CFA77B92E2A44F100808F5A /* Resources */ = {
			isa = PBXResourcesBuildPhase;
			buildActionMask = 2147483647;
			files = (
				5CFA78002E2A53F000808F5A /* .gitignore in Resources */,
			);
			runOnlyForDeploymentPostprocessing = 0;
		};
		5CFA77C62E2A44F200808F5A /* Resources */ = {
			isa = PBXResourcesBuildPhase;
			buildActionMask = 2147483647;
			files = (
			);
			runOnlyForDeploymentPostprocessing = 0;
		};
		5CFA77D02E2A44F200808F5A /* Resources */ = {
			isa = PBXResourcesBuildPhase;
			buildActionMask = 2147483647;
			files = (
			);
			runOnlyForDeploymentPostprocessing = 0;
		};
/* End PBXResourcesBuildPhase section */

/* Begin PBXSourcesBuildPhase section */
		5CFA77B72E2A44F100808F5A /* Sources */ = {
			isa = PBXSourcesBuildPhase;
			buildActionMask = 2147483647;
			files = (
			);
			runOnlyForDeploymentPostprocessing = 0;
		};
		5CFA77C42E2A44F200808F5A /* Sources */ = {
			isa = PBXSourcesBuildPhase;
			buildActionMask = 2147483647;
			files = (
			);
			runOnlyForDeploymentPostprocessing = 0;
		};
		5CFA77CE2E2A44F200808F5A /* Sources */ = {
			isa = PBXSourcesBuildPhase;
			buildActionMask = 2147483647;
			files = (
			);
			runOnlyForDeploymentPostprocessing = 0;
		};
/* End PBXSourcesBuildPhase section */

/* Begin PBXTargetDependency section */
		5CFA77CA2E2A44F200808F5A /* PBXTargetDependency */ = {
			isa = PBXTargetDependency;
			target = 5CFA77BA2E2A44F100808F5A /* ChocoRacing */;
			targetProxy = 5CFA77C92E2A44F200808F5A /* PBXContainerItemProxy */;
		};
		5CFA77D42E2A44F200808F5A /* PBXTargetDependency */ = {
			isa = PBXTargetDependency;
			target = 5CFA77BA2E2A44F100808F5A /* ChocoRacing */;
			targetProxy = 5CFA77D32E2A44F200808F5A /* PBXContainerItemProxy */;
		};
/* End PBXTargetDependency section */

/* Begin XCBuildConfiguration section */
		5CFA77DA2E2A44F200808F5A /* Debug */ = {
			isa = XCBuildConfiguration;
			buildSettings = {
				ALWAYS_SEARCH_USER_PATHS = NO;
				ASSETCATALOG_COMPILER_GENERATE_SWIFT_ASSET_SYMBOL_EXTENSIONS = YES;
				CLANG_ANALYZER_NONNULL = YES;
				CLANG_ANALYZER_NUMBER_OBJECT_CONVERSION = YES_AGGRESSIVE;
				CLANG_CXX_LANGUAGE_STANDARD = "gnu++20";
				CLANG_ENABLE_MODULES = YES;
				CLANG_ENABLE_OBJC_ARC = YES;
				CLANG_ENABLE_OBJC_WEAK = YES;
				CLANG_WARN_BLOCK_CAPTURE_AUTORELEASING = YES;
				CLANG_WARN_BOOL_CONVERSION = YES;
				CLANG_WARN_COMMA = YES;
				CLANG_WARN_CONSTANT_CONVERSION = YES;
				CLANG_WARN_DEPRECATED_OBJC_IMPLEMENTATIONS = YES;
				CLANG_WARN_DIRECT_OBJC_ISA_USAGE = YES_ERROR;
				CLANG_WARN_DOCUMENTATION_COMMENTS = YES;
				CLANG_WARN_EMPTY_BODY = YES;
				CLANG_WARN_ENUM_CONVERSION = YES;
				CLANG_WARN_INFINITE_RECURSION = YES;
				CLANG_WARN_INT_CONVERSION = YES;
				CLANG_WARN_NON_LITERAL_NULL_CONVERSION = YES;
				CLANG_WARN_OBJC_IMPLICIT_RETAIN_SELF = YES;
				CLANG_WARN_OBJC_LITERAL_CONVERSION = YES;
				CLANG_WARN_OBJC_ROOT_CLASS = YES_ERROR;
				CLANG_WARN_QUOTED_INCLUDE_IN_FRAMEWORK_HEADER = YES;
				CLANG_WARN_RANGE_LOOP_ANALYSIS = YES;
				CLANG_WARN_STRICT_PROTOTYPES = YES;
				CLANG_WARN_SUSPICIOUS_MOVE = YES;
				CLANG_WARN_UNGUARDED_AVAILABILITY = YES_AGGRESSIVE;
				CLANG_WARN_UNREACHABLE_CODE = YES;
				CLANG_WARN__DUPLICATE_METHOD_MATCH = YES;
				COPY_PHASE_STRIP = NO;
				DEBUG_INFORMATION_FORMAT = dwarf;
				DEVELOPMENT_TEAM = KY4XDK75RG;
				ENABLE_STRICT_OBJC_MSGSEND = YES;
				ENABLE_TESTABILITY = YES;
				ENABLE_USER_SCRIPT_SANDBOXING = YES;
				GCC_C_LANGUAGE_STANDARD = gnu17;
				GCC_DYNAMIC_NO_PIC = NO;
				GCC_NO_COMMON_BLOCKS = YES;
				GCC_OPTIMIZATION_LEVEL = 0;
				GCC_PREPROCESSOR_DEFINITIONS = (
					"DEBUG=1",
					"$(inherited)",
				);
				GCC_WARN_64_TO_32_BIT_CONVERSION = YES;
				GCC_WARN_ABOUT_RETURN_TYPE = YES_ERROR;
				GCC_WARN_UNDECLARED_SELECTOR = YES;
				GCC_WARN_UNINITIALIZED_AUTOS = YES_AGGRESSIVE;
				GCC_WARN_UNUSED_FUNCTION = YES;
				GCC_WARN_UNUSED_VARIABLE = YES;
				IPHONEOS_DEPLOYMENT_TARGET = 18.4;
				LOCALIZATION_PREFERS_STRING_CATALOGS = YES;
				MTL_ENABLE_DEBUG_INFO = INCLUDE_SOURCE;
				MTL_FAST_MATH = YES;
				ONLY_ACTIVE_ARCH = YES;
				SDKROOT = iphoneos;
				SWIFT_ACTIVE_COMPILATION_CONDITIONS = "DEBUG $(inherited)";
				SWIFT_OPTIMIZATION_LEVEL = "-Onone";
			};
			name = Debug;
		};
		5CFA77DB2E2A44F200808F5A /* Release */ = {
			isa = XCBuildConfiguration;
			buildSettings = {
				ALWAYS_SEARCH_USER_PATHS = NO;
				ASSETCATALOG_COMPILER_GENERATE_SWIFT_ASSET_SYMBOL_EXTENSIONS = YES;
				CLANG_ANALYZER_NONNULL = YES;
				CLANG_ANALYZER_NUMBER_OBJECT_CONVERSION = YES_AGGRESSIVE;
				CLANG_CXX_LANGUAGE_STANDARD = "gnu++20";
				CLANG_ENABLE_MODULES = YES;
				CLANG_ENABLE_OBJC_ARC = YES;
				CLANG_ENABLE_OBJC_WEAK = YES;
				CLANG_WARN_BLOCK_CAPTURE_AUTORELEASING = YES;
				CLANG_WARN_BOOL_CONVERSION = YES;
				CLANG_WARN_COMMA = YES;
				CLANG_WARN_CONSTANT_CONVERSION = YES;
				CLANG_WARN_DEPRECATED_OBJC_IMPLEMENTATIONS = YES;
				CLANG_WARN_DIRECT_OBJC_ISA_USAGE = YES_ERROR;
				CLANG_WARN_DOCUMENTATION_COMMENTS = YES;
				CLANG_WARN_EMPTY_BODY = YES;
				CLANG_WARN_ENUM_CONVERSION = YES;
				CLANG_WARN_INFINITE_RECURSION = YES;
				CLANG_WARN_INT_CONVERSION = YES;
				CLANG_WARN_NON_LITERAL_NULL_CONVERSION = YES;
				CLANG_WARN_OBJC_IMPLICIT_RETAIN_SELF = YES;
				CLANG_WARN_OBJC_LITERAL_CONVERSION = YES;
				CLANG_WARN_OBJC_ROOT_CLASS = YES_ERROR;
				CLANG_WARN_QUOTED_INCLUDE_IN_FRAMEWORK_HEADER = YES;
				CLANG_WARN_RANGE_LOOP_ANALYSIS = YES;
				CLANG_WARN_STRICT_PROTOTYPES = YES;
				CLANG_WARN_SUSPICIOUS_MOVE = YES;
				CLANG_WARN_UNGUARDED_AVAILABILITY = YES_AGGRESSIVE;
				CLANG_WARN_UNREACHABLE_CODE = YES;
				CLANG_WARN__DUPLICATE_METHOD_MATCH = YES;
				COPY_PHASE_STRIP = NO;
				DEBUG_INFORMATION_FORMAT = "dwarf-with-dsym";
				DEVELOPMENT_TEAM = KY4XDK75RG;
				ENABLE_NS_ASSERTIONS = NO;
				ENABLE_STRICT_OBJC_MSGSEND = YES;
				ENABLE_USER_SCRIPT_SANDBOXING = YES;
				GCC_C_LANGUAGE_STANDARD = gnu17;
				GCC_NO_COMMON_BLOCKS = YES;
				GCC_WARN_64_TO_32_BIT_CONVERSION = YES;
				GCC_WARN_ABOUT_RETURN_TYPE = YES_ERROR;
				GCC_WARN_UNDECLARED_SELECTOR = YES;
				GCC_WARN_UNINITIALIZED_AUTOS = YES_AGGRESSIVE;
				GCC_WARN_UNUSED_FUNCTION = YES;
				GCC_WARN_UNUSED_VARIABLE = YES;
				IPHONEOS_DEPLOYMENT_TARGET = 18.4;
				LOCALIZATION_PREFERS_STRING_CATALOGS = YES;
				MTL_ENABLE_DEBUG_INFO = NO;
				MTL_FAST_MATH = YES;
				SDKROOT = iphoneos;
				SWIFT_COMPILATION_MODE = wholemodule;
				VALIDATE_PRODUCT = YES;
			};
			name = Release;
		};
		5CFA77DD2E2A44F200808F5A /* Debug */ = {
			isa = XCBuildConfiguration;
			buildSettings = {
				ASSETCATALOG_COMPILER_APPICON_NAME = AppIcon;
				ASSETCATALOG_COMPILER_GLOBAL_ACCENT_COLOR_NAME = AccentColor;
				CODE_SIGN_STYLE = Automatic;
				CURRENT_PROJECT_VERSION = 1;
				DEVELOPMENT_TEAM = A8GT6W89CM;
				ENABLE_PREVIEWS = YES;
				GENERATE_INFOPLIST_FILE = YES;
				INFOPLIST_KEY_LSApplicationCategoryType = "";
				INFOPLIST_KEY_NSCameraUsageDescription = "";
				INFOPLIST_KEY_UIApplicationSupportsIndirectInputEvents = YES;
				INFOPLIST_KEY_UILaunchScreen_Generation = YES;
				INFOPLIST_KEY_UIRequiredDeviceCapabilities = arkit;
				INFOPLIST_KEY_UIStatusBarHidden = YES;
				INFOPLIST_KEY_UISupportedInterfaceOrientations_iPad = "UIInterfaceOrientationPortrait UIInterfaceOrientationPortraitUpsideDown UIInterfaceOrientationLandscapeLeft UIInterfaceOrientationLandscapeRight";
				INFOPLIST_KEY_UISupportedInterfaceOrientations_iPhone = "UIInterfaceOrientationPortrait UIInterfaceOrientationLandscapeLeft UIInterfaceOrientationLandscapeRight";
				LD_RUNPATH_SEARCH_PATHS = (
					"$(inherited)",
					"@executable_path/Frameworks",
				);
				MARKETING_VERSION = 1.0;
				PRODUCT_BUNDLE_IDENTIFIER = com.apple.academy.ChocoRacing;
				PRODUCT_NAME = "$(TARGET_NAME)";
				SWIFT_EMIT_LOC_STRINGS = YES;
				SWIFT_VERSION = 5.0;
				TARGETED_DEVICE_FAMILY = "1,2";
			};
			name = Debug;
		};
		5CFA77DE2E2A44F200808F5A /* Release */ = {
			isa = XCBuildConfiguration;
			buildSettings = {
				ASSETCATALOG_COMPILER_APPICON_NAME = AppIcon;
				ASSETCATALOG_COMPILER_GLOBAL_ACCENT_COLOR_NAME = AccentColor;
				CODE_SIGN_STYLE = Automatic;
				CURRENT_PROJECT_VERSION = 1;
				DEVELOPMENT_TEAM = A8GT6W89CM;
				ENABLE_PREVIEWS = YES;
				GENERATE_INFOPLIST_FILE = YES;
				INFOPLIST_KEY_LSApplicationCategoryType = "";
				INFOPLIST_KEY_NSCameraUsageDescription = "";
				INFOPLIST_KEY_UIApplicationSupportsIndirectInputEvents = YES;
				INFOPLIST_KEY_UILaunchScreen_Generation = YES;
				INFOPLIST_KEY_UIRequiredDeviceCapabilities = arkit;
				INFOPLIST_KEY_UIStatusBarHidden = YES;
				INFOPLIST_KEY_UISupportedInterfaceOrientations_iPad = "UIInterfaceOrientationPortrait UIInterfaceOrientationPortraitUpsideDown UIInterfaceOrientationLandscapeLeft UIInterfaceOrientationLandscapeRight";
				INFOPLIST_KEY_UISupportedInterfaceOrientations_iPhone = "UIInterfaceOrientationPortrait UIInterfaceOrientationLandscapeLeft UIInterfaceOrientationLandscapeRight";
				LD_RUNPATH_SEARCH_PATHS = (
					"$(inherited)",
					"@executable_path/Frameworks",
				);
				MARKETING_VERSION = 1.0;
				PRODUCT_BUNDLE_IDENTIFIER = com.apple.academy.ChocoRacing;
				PRODUCT_NAME = "$(TARGET_NAME)";
				SWIFT_EMIT_LOC_STRINGS = YES;
				SWIFT_VERSION = 5.0;
				TARGETED_DEVICE_FAMILY = "1,2";
			};
			name = Release;
		};
		5CFA77E02E2A44F200808F5A /* Debug */ = {
			isa = XCBuildConfiguration;
			buildSettings = {
				BUNDLE_LOADER = "$(TEST_HOST)";
				CODE_SIGN_STYLE = Automatic;
				CURRENT_PROJECT_VERSION = 1;
				DEVELOPMENT_TEAM = KY4XDK75RG;
				GENERATE_INFOPLIST_FILE = YES;
				IPHONEOS_DEPLOYMENT_TARGET = 18.4;
				MARKETING_VERSION = 1.0;
				PRODUCT_BUNDLE_IDENTIFIER = com.apple.academy.ChocoRacingTests;
				PRODUCT_NAME = "$(TARGET_NAME)";
				SWIFT_EMIT_LOC_STRINGS = NO;
				SWIFT_VERSION = 5.0;
				TARGETED_DEVICE_FAMILY = "1,2";
				TEST_HOST = "$(BUILT_PRODUCTS_DIR)/ChocoRacing.app/$(BUNDLE_EXECUTABLE_FOLDER_PATH)/ChocoRacing";
			};
			name = Debug;
		};
		5CFA77E12E2A44F200808F5A /* Release */ = {
			isa = XCBuildConfiguration;
			buildSettings = {
				BUNDLE_LOADER = "$(TEST_HOST)";
				CODE_SIGN_STYLE = Automatic;
				CURRENT_PROJECT_VERSION = 1;
				DEVELOPMENT_TEAM = KY4XDK75RG;
				GENERATE_INFOPLIST_FILE = YES;
				IPHONEOS_DEPLOYMENT_TARGET = 18.4;
				MARKETING_VERSION = 1.0;
				PRODUCT_BUNDLE_IDENTIFIER = com.apple.academy.ChocoRacingTests;
				PRODUCT_NAME = "$(TARGET_NAME)";
				SWIFT_EMIT_LOC_STRINGS = NO;
				SWIFT_VERSION = 5.0;
				TARGETED_DEVICE_FAMILY = "1,2";
				TEST_HOST = "$(BUILT_PRODUCTS_DIR)/ChocoRacing.app/$(BUNDLE_EXECUTABLE_FOLDER_PATH)/ChocoRacing";
			};
			name = Release;
		};
		5CFA77E32E2A44F200808F5A /* Debug */ = {
			isa = XCBuildConfiguration;
			buildSettings = {
				CODE_SIGN_STYLE = Automatic;
				CURRENT_PROJECT_VERSION = 1;
				DEVELOPMENT_TEAM = KY4XDK75RG;
				GENERATE_INFOPLIST_FILE = YES;
				MARKETING_VERSION = 1.0;
				PRODUCT_BUNDLE_IDENTIFIER = com.apple.academy.ChocoRacingUITests;
				PRODUCT_NAME = "$(TARGET_NAME)";
				SWIFT_EMIT_LOC_STRINGS = NO;
				SWIFT_VERSION = 5.0;
				TARGETED_DEVICE_FAMILY = "1,2";
				TEST_TARGET_NAME = ChocoRacing;
			};
			name = Debug;
		};
		5CFA77E42E2A44F200808F5A /* Release */ = {
			isa = XCBuildConfiguration;
			buildSettings = {
				CODE_SIGN_STYLE = Automatic;
				CURRENT_PROJECT_VERSION = 1;
				DEVELOPMENT_TEAM = KY4XDK75RG;
				GENERATE_INFOPLIST_FILE = YES;
				MARKETING_VERSION = 1.0;
				PRODUCT_BUNDLE_IDENTIFIER = com.apple.academy.ChocoRacingUITests;
				PRODUCT_NAME = "$(TARGET_NAME)";
				SWIFT_EMIT_LOC_STRINGS = NO;
				SWIFT_VERSION = 5.0;
				TARGETED_DEVICE_FAMILY = "1,2";
				TEST_TARGET_NAME = ChocoRacing;
			};
			name = Release;
		};
/* End XCBuildConfiguration section */

/* Begin XCConfigurationList section */
		5CFA77B62E2A44F100808F5A /* Build configuration list for PBXProject "ChocoRacing" */ = {
			isa = XCConfigurationList;
			buildConfigurations = (
				5CFA77DA2E2A44F200808F5A /* Debug */,
				5CFA77DB2E2A44F200808F5A /* Release */,
			);
			defaultConfigurationIsVisible = 0;
			defaultConfigurationName = Release;
		};
		5CFA77DC2E2A44F200808F5A /* Build configuration list for PBXNativeTarget "ChocoRacing" */ = {
			isa = XCConfigurationList;
			buildConfigurations = (
				5CFA77DD2E2A44F200808F5A /* Debug */,
				5CFA77DE2E2A44F200808F5A /* Release */,
			);
			defaultConfigurationIsVisible = 0;
			defaultConfigurationName = Release;
		};
		5CFA77DF2E2A44F200808F5A /* Build configuration list for PBXNativeTarget "ChocoRacingTests" */ = {
			isa = XCConfigurationList;
			buildConfigurations = (
				5CFA77E02E2A44F200808F5A /* Debug */,
				5CFA77E12E2A44F200808F5A /* Release */,
			);
			defaultConfigurationIsVisible = 0;
			defaultConfigurationName = Release;
		};
		5CFA77E22E2A44F200808F5A /* Build configuration list for PBXNativeTarget "ChocoRacingUITests" */ = {
			isa = XCConfigurationList;
			buildConfigurations = (
				5CFA77E32E2A44F200808F5A /* Debug */,
				5CFA77E42E2A44F200808F5A /* Release */,
			);
			defaultConfigurationIsVisible = 0;
			defaultConfigurationName = Release;
		};
/* End XCConfigurationList section */

/* Begin XCLocalSwiftPackageReference section */
		6DDDC0E32E3384A900020553 /* XCLocalSwiftPackageReference "Package" */ = {
			isa = XCLocalSwiftPackageReference;
			relativePath = Package;
		};
/* End XCLocalSwiftPackageReference section */

/* Begin XCSwiftPackageProductDependency section */
		2C1DA7D92E321DC00042CA58 /* PlayTest */ = {
			isa = XCSwiftPackageProductDependency;
			productName = PlayTest;
		};
		2C3AB6FD2E2E3835000B21DF /* PlayTest */ = {
			isa = XCSwiftPackageProductDependency;
			productName = PlayTest;
		};
		5CFA783B2E2D03E900808F5A /* PlayTest */ = {
			isa = XCSwiftPackageProductDependency;
			productName = PlayTest;
		};
		5CFA787D2E2D0F5C00808F5A /* PlayTest */ = {
			isa = XCSwiftPackageProductDependency;
			productName = PlayTest;
		};
		6DDDC0512E323B5B00020553 /* PlayTest */ = {
			isa = XCSwiftPackageProductDependency;
			productName = PlayTest;
		};
		6DDDC0E42E3384A900020553 /* PlayTest */ = {
			isa = XCSwiftPackageProductDependency;
			productName = PlayTest;
		};
/* End XCSwiftPackageProductDependency section */
	};
	rootObject = 5CFA77B32E2A44F100808F5A /* Project object */;
}
